{
    "version": 3,
    "terraform_version": "0.11.8",
    "serial": 17,
    "lineage": "1d8d25c3-18fe-53dc-64d2-ee90effe8cb7",
    "modules": [
        {
            "path": [
                "root"
            ],
            "outputs": {},
            "resources": {
                "google_compute_instance.default.0": {
                    "type": "google_compute_instance",
                    "depends_on": [],
                    "primary": {
                        "id": "jenkins-1",
                        "attributes": {
                            "attached_disk.#": "0",
                            "boot_disk.#": "1",
                            "boot_disk.0.auto_delete": "true",
                            "boot_disk.0.device_name": "persistent-disk-0",
                            "boot_disk.0.disk_encryption_key_raw": "",
                            "boot_disk.0.disk_encryption_key_sha256": "",
                            "boot_disk.0.initialize_params.#": "1",
                            "boot_disk.0.initialize_params.0.image": "https://www.googleapis.com/compute/v1/projects/centos-cloud/global/images/centos-7-v20181113",
                            "boot_disk.0.initialize_params.0.size": "10",
                            "boot_disk.0.initialize_params.0.type": "pd-standard",
                            "boot_disk.0.source": "https://www.googleapis.com/compute/v1/projects/tribal-monolith-219509/zones/europe-west2-c/disks/jenkins-1",
                            "can_ip_forward": "false",
                            "cpu_platform": "Intel Broadwell",
                            "create_timeout": "4",
                            "deletion_protection": "false",
                            "guest_accelerator.#": "0",
                            "id": "jenkins-1",
                            "instance_id": "3232988595091628637",
                            "label_fingerprint": "42WmSpB8rSM=",
                            "labels.%": "0",
                            "machine_type": "n1-standard-1",
                            "metadata.%": "1",
                            "metadata.sshKeys": "terraform:ssh-rsa AAAAB3NzaC1yc2EAAAADAQABAAABAQDLRR2GbZ8bSZUeSe591XM+AYdaqgbluON3Azh2qwMOSBM9lbrHloerPH8a58YgPyCJ9CZGMwA9kuWWphEGgW7kBpbCynQaa6P1pXgQ+HUBErnyrxIHsVJ2cNkrgIrrCCjdMAwecI0XjLlXF/WsSLn3bgb7nxXjByNSPBOEHQ9p4kkx8LwmqbiGAFQaCcErolYvKT3E2PZmxyWVqr3jIMKzPWw/JGOFx3Ih9tFjBsBiKAiHtu8OxsHXmzsjkONz1q94aDXEr4sfibVIMrkB6H1Ei5pzlpP9Klu7iijklINPfCh698RJiC06vzvtX1ll9BKk3y/TloTONfil3gYifccD ihusain1994@terra\n",
                            "metadata_fingerprint": "RldV0pN4vE8=",
                            "metadata_startup_script": "",
                            "min_cpu_platform": "",
                            "name": "jenkins-1",
                            "network_interface.#": "1",
                            "network_interface.0.access_config.#": "1",
                            "network_interface.0.access_config.0.assigned_nat_ip": "35.230.141.6",
                            "network_interface.0.access_config.0.nat_ip": "35.230.141.6",
                            "network_interface.0.access_config.0.network_tier": "PREMIUM",
                            "network_interface.0.access_config.0.public_ptr_domain_name": "",
                            "network_interface.0.address": "10.154.0.3",
                            "network_interface.0.alias_ip_range.#": "0",
                            "network_interface.0.name": "nic0",
                            "network_interface.0.network": "https://www.googleapis.com/compute/v1/projects/tribal-monolith-219509/global/networks/default",
                            "network_interface.0.network_ip": "10.154.0.3",
                            "network_interface.0.subnetwork": "https://www.googleapis.com/compute/v1/projects/tribal-monolith-219509/regions/europe-west2/subnetworks/default",
                            "network_interface.0.subnetwork_project": "tribal-monolith-219509",
                            "project": "tribal-monolith-219509",
                            "scheduling.#": "1",
                            "scheduling.0.automatic_restart": "false",
                            "scheduling.0.on_host_maintenance": "MIGRATE",
                            "scheduling.0.preemptible": "false",
                            "scratch_disk.#": "0",
                            "self_link": "https://www.googleapis.com/compute/v1/projects/tribal-monolith-219509/zones/europe-west2-c/instances/jenkins-1",
                            "service_account.#": "0",
                            "tags.#": "1",
                            "tags.1438809362": "jenkins",
                            "tags_fingerprint": "4l7--0t2PzY=",
                            "zone": "europe-west2-c"
                        },
                        "meta": {
                            "e2bfb730-ecaa-11e6-8f88-34363bc7c4c0": {
                                "create": 360000000000,
                                "delete": 360000000000,
                                "update": 360000000000
                            },
                            "schema_version": "6"
                        },
                        "tainted": false
                    },
                    "deposed": [],
                    "provider": "provider.google"
                },
                "google_compute_instance.default.1": {
                    "type": "google_compute_instance",
                    "depends_on": [],
                    "primary": {
                        "id": "jenkins-2",
                        "attributes": {
                            "attached_disk.#": "0",
                            "boot_disk.#": "1",
                            "boot_disk.0.auto_delete": "true",
                            "boot_disk.0.device_name": "persistent-disk-0",
                            "boot_disk.0.disk_encryption_key_raw": "",
                            "boot_disk.0.disk_encryption_key_sha256": "",
                            "boot_disk.0.initialize_params.#": "1",
                            "boot_disk.0.initialize_params.0.image": "https://www.googleapis.com/compute/v1/projects/centos-cloud/global/images/centos-7-v20181113",
                            "boot_disk.0.initialize_params.0.size": "10",
                            "boot_disk.0.initialize_params.0.type": "pd-standard",
                            "boot_disk.0.source": "https://www.googleapis.com/compute/v1/projects/tribal-monolith-219509/zones/europe-west2-c/disks/jenkins-2",
                            "can_ip_forward": "false",
                            "cpu_platform": "Intel Broadwell",
                            "create_timeout": "4",
                            "deletion_protection": "false",
                            "guest_accelerator.#": "0",
                            "id": "jenkins-2",
                            "instance_id": "3272558970603266653",
                            "label_fingerprint": "42WmSpB8rSM=",
                            "labels.%": "0",
                            "machine_type": "n1-standard-1",
                            "metadata.%": "1",
                            "metadata.sshKeys": "terraform:ssh-rsa AAAAB3NzaC1yc2EAAAADAQABAAABAQDLRR2GbZ8bSZUeSe591XM+AYdaqgbluON3Azh2qwMOSBM9lbrHloerPH8a58YgPyCJ9CZGMwA9kuWWphEGgW7kBpbCynQaa6P1pXgQ+HUBErnyrxIHsVJ2cNkrgIrrCCjdMAwecI0XjLlXF/WsSLn3bgb7nxXjByNSPBOEHQ9p4kkx8LwmqbiGAFQaCcErolYvKT3E2PZmxyWVqr3jIMKzPWw/JGOFx3Ih9tFjBsBiKAiHtu8OxsHXmzsjkONz1q94aDXEr4sfibVIMrkB6H1Ei5pzlpP9Klu7iijklINPfCh698RJiC06vzvtX1ll9BKk3y/TloTONfil3gYifccD ihusain1994@terra\n",
                            "metadata_fingerprint": "RldV0pN4vE8=",
                            "metadata_startup_script": "",
                            "min_cpu_platform": "",
                            "name": "jenkins-2",
                            "network_interface.#": "1",
                            "network_interface.0.access_config.#": "1",
                            "network_interface.0.access_config.0.assigned_nat_ip": "35.197.214.10",
                            "network_interface.0.access_config.0.nat_ip": "35.197.214.10",
                            "network_interface.0.access_config.0.network_tier": "PREMIUM",
                            "network_interface.0.access_config.0.public_ptr_domain_name": "",
                            "network_interface.0.address": "10.154.0.2",
                            "network_interface.0.alias_ip_range.#": "0",
                            "network_interface.0.name": "nic0",
                            "network_interface.0.network": "https://www.googleapis.com/compute/v1/projects/tribal-monolith-219509/global/networks/default",
                            "network_interface.0.network_ip": "10.154.0.2",
                            "network_interface.0.subnetwork": "https://www.googleapis.com/compute/v1/projects/tribal-monolith-219509/regions/europe-west2/subnetworks/default",
                            "network_interface.0.subnetwork_project": "tribal-monolith-219509",
                            "project": "tribal-monolith-219509",
                            "scheduling.#": "1",
                            "scheduling.0.automatic_restart": "false",
                            "scheduling.0.on_host_maintenance": "MIGRATE",
                            "scheduling.0.preemptible": "false",
                            "scratch_disk.#": "0",
                            "self_link": "https://www.googleapis.com/compute/v1/projects/tribal-monolith-219509/zones/europe-west2-c/instances/jenkins-2",
                            "service_account.#": "0",
                            "tags.#": "1",
                            "tags.1438809362": "jenkins",
                            "tags_fingerprint": "4l7--0t2PzY=",
                            "zone": "europe-west2-c"
                        },
                        "meta": {
                            "e2bfb730-ecaa-11e6-8f88-34363bc7c4c0": {
                                "create": 360000000000,
                                "delete": 360000000000,
                                "update": 360000000000
                            },
                            "schema_version": "6"
                        },
                        "tainted": false
                    },
                    "deposed": [],
                    "provider": "provider.google"
                }
            },
            "depends_on": []
        }
    ]
}
